
Microsoft Visual Studio Solution File, Format Version 12.00
# Visual Studio Version 17
VisualStudioVersion = 17.10.35013.160
MinimumVisualStudioVersion = 10.0.40219.1
Project("{9A19103F-16F7-4668-BE54-9A1E7A4F7556}") = "CityPOS", "CityPOS\CityPOS.csproj", "{6364555F-966A-418D-BD5D-AE023BDC3AC9}"
EndProject
Project("{FAE04EC0-301F-11D3-BF4B-00C04F79EFBC}") = "UnitTestCityPOS", "UnitTestCityPOS\UnitTestCityPOS.csproj", "{83EB2305-C1F3-4CA9-9EED-DEBF6CF97EC2}"
EndProject
Global
	GlobalSection(SolutionConfigurationPlatforms) = preSolution
		Debug|Any CPU = Debug|Any CPU
		Release|Any CPU = Release|Any CPU
	EndGlobalSection
	GlobalSection(ProjectConfigurationPlatforms) = postSolution
		{6364555F-966A-418D-BD5D-AE023BDC3AC9}.Debug|Any CPU.ActiveCfg = Debug|Any CPU
		{6364555F-966A-418D-BD5D-AE023BDC3AC9}.Debug|Any CPU.Build.0 = Debug|Any CPU
		{6364555F-966A-418D-BD5D-AE023BDC3AC9}.Release|Any CPU.ActiveCfg = Release|Any CPU
		{6364555F-966A-418D-BD5D-AE023BDC3AC9}.Release|Any CPU.Build.0 = Release|Any CPU
		{83EB2305-C1F3-4CA9-9EED-DEBF6CF97EC2}.Debug|Any CPU.ActiveCfg = Debug|Any CPU
		{83EB2305-C1F3-4CA9-9EED-DEBF6CF97EC2}.Debug|Any CPU.Build.0 = Debug|Any CPU
		{83EB2305-C1F3-4CA9-9EED-DEBF6CF97EC2}.Release|Any CPU.ActiveCfg = Release|Any CPU
		{83EB2305-C1F3-4CA9-9EED-DEBF6CF97EC2}.Release|Any CPU.Build.0 = Release|Any CPU
	EndGlobalSection
	GlobalSection(SolutionProperties) = preSolution
		HideSolutionNode = FALSE
	EndGlobalSection
	GlobalSection(ExtensibilityGlobals) = postSolution
		SolutionGuid = {803C359D-CEE3-42BE-BB45-BAE0C27F30B7}
	EndGlobalSection
EndGlobal
